
Microsoft Visual Studio Solution File, Format Version 12.00
# Visual Studio Version 16
VisualStudioVersion = 16.0.31729.503
MinimumVisualStudioVersion = 10.0.40219.1
Project("{FAE04EC0-301F-11D3-BF4B-00C04F79EFBC}") = "Telekocsi", "Telekocsi\Telekocsi.csproj", "{D860A496-467E-4F1F-8B1C-4AB62FF590E0}"
EndProject
Global
	GlobalSection(SolutionConfigurationPlatforms) = preSolution
		Debug|Any CPU = Debug|Any CPU
		Release|Any CPU = Release|Any CPU
	EndGlobalSection
	GlobalSection(ProjectConfigurationPlatforms) = postSolution
		{D860A496-467E-4F1F-8B1C-4AB62FF590E0}.Debug|Any CPU.ActiveCfg = Debug|Any CPU
		{D860A496-467E-4F1F-8B1C-4AB62FF590E0}.Debug|Any CPU.Build.0 = Debug|Any CPU
		{D860A496-467E-4F1F-8B1C-4AB62FF590E0}.Release|Any CPU.ActiveCfg = Release|Any CPU
		{D860A496-467E-4F1F-8B1C-4AB62FF590E0}.Release|Any CPU.Build.0 = Release|Any CPU
	EndGlobalSection
	GlobalSection(SolutionProperties) = preSolution
		HideSolutionNode = FALSE
	EndGlobalSection
	GlobalSection(ExtensibilityGlobals) = postSolution
		SolutionGuid = {5072299C-90C5-4546-AAA1-55D901B58824}
	EndGlobalSection
EndGlobal
